
Microsoft Visual Studio Solution File, Format Version 12.00
# Visual Studio Version 16
VisualStudioVersion = 16.0.31129.286
MinimumVisualStudioVersion = 10.0.40219.1
Project("{9A19103F-16F7-4668-BE54-9A1E7A4F7556}") = "rm.Random2", "src\rm.Random2\rm.Random2.csproj", "{536E9A14-421E-4D6D-84B7-D5FF0382DAB3}"
EndProject
Global
	GlobalSection(SolutionConfigurationPlatforms) = preSolution
		Debug|Any CPU = Debug|Any CPU
		Release|Any CPU = Release|Any CPU
	EndGlobalSection
	GlobalSection(ProjectConfigurationPlatforms) = postSolution
		{536E9A14-421E-4D6D-84B7-D5FF0382DAB3}.Debug|Any CPU.ActiveCfg = Debug|Any CPU
		{536E9A14-421E-4D6D-84B7-D5FF0382DAB3}.Debug|Any CPU.Build.0 = Debug|Any CPU
		{536E9A14-421E-4D6D-84B7-D5FF0382DAB3}.Release|Any CPU.ActiveCfg = Release|Any CPU
		{536E9A14-421E-4D6D-84B7-D5FF0382DAB3}.Release|Any CPU.Build.0 = Release|Any CPU
	EndGlobalSection
	GlobalSection(SolutionProperties) = preSolution
		HideSolutionNode = FALSE
	EndGlobalSection
	GlobalSection(ExtensibilityGlobals) = postSolution
		SolutionGuid = {2B67D25C-DD34-45EA-BC5F-48DA8E6A6B66}
	EndGlobalSection
EndGlobal
